
Microsoft Visual Studio Solution File, Format Version 12.00
# Visual Studio 15
VisualStudioVersion = 15.0.26430.12
MinimumVisualStudioVersion = 10.0.40219.1
Project("{FAE04EC0-301F-11D3-BF4B-00C04F79EFBC}") = "ERS.Data", "TestEFCore.Data\ERS.Data.csproj", "{6BA29B78-9E3B-43DE-A705-276A431619AD}"
EndProject
Project("{FAE04EC0-301F-11D3-BF4B-00C04F79EFBC}") = "ERS.BusinessLogic", "ERS.BusinessLogic\ERS.BusinessLogic.csproj", "{2D34EBED-508C-4F20-AFA0-37DF5EDC2954}"
EndProject
Project("{FAE04EC0-301F-11D3-BF4B-00C04F79EFBC}") = "ERS.Web", "ERS.Web\ERS.Web.csproj", "{33D930FA-244E-4F00-9178-3FDE03C797B9}"
EndProject
Global
	GlobalSection(SolutionConfigurationPlatforms) = preSolution
		Debug|Any CPU = Debug|Any CPU
		Release|Any CPU = Release|Any CPU
	EndGlobalSection
	GlobalSection(ProjectConfigurationPlatforms) = postSolution
		{6BA29B78-9E3B-43DE-A705-276A431619AD}.Debug|Any CPU.ActiveCfg = Debug|Any CPU
		{6BA29B78-9E3B-43DE-A705-276A431619AD}.Debug|Any CPU.Build.0 = Debug|Any CPU
		{6BA29B78-9E3B-43DE-A705-276A431619AD}.Release|Any CPU.ActiveCfg = Release|Any CPU
		{6BA29B78-9E3B-43DE-A705-276A431619AD}.Release|Any CPU.Build.0 = Release|Any CPU
		{2D34EBED-508C-4F20-AFA0-37DF5EDC2954}.Debug|Any CPU.ActiveCfg = Debug|Any CPU
		{2D34EBED-508C-4F20-AFA0-37DF5EDC2954}.Debug|Any CPU.Build.0 = Debug|Any CPU
		{2D34EBED-508C-4F20-AFA0-37DF5EDC2954}.Release|Any CPU.ActiveCfg = Release|Any CPU
		{2D34EBED-508C-4F20-AFA0-37DF5EDC2954}.Release|Any CPU.Build.0 = Release|Any CPU
		{33D930FA-244E-4F00-9178-3FDE03C797B9}.Debug|Any CPU.ActiveCfg = Debug|Any CPU
		{33D930FA-244E-4F00-9178-3FDE03C797B9}.Debug|Any CPU.Build.0 = Debug|Any CPU
		{33D930FA-244E-4F00-9178-3FDE03C797B9}.Release|Any CPU.ActiveCfg = Release|Any CPU
		{33D930FA-244E-4F00-9178-3FDE03C797B9}.Release|Any CPU.Build.0 = Release|Any CPU
	EndGlobalSection
	GlobalSection(SolutionProperties) = preSolution
		HideSolutionNode = FALSE
	EndGlobalSection
EndGlobal
